// !$*UTF8*$!
{
	archiveVersion = 1;
	classes = {
	};
	objectVersion = 55;
	objects = {

/* Begin PBXBuildFile section */
		3E6E23BD27B9128100AE5C9F /* DBrowser.docc in Sources */ = {isa = PBXBuildFile; fileRef = 3E6E23BC27B9128100AE5C9F /* DBrowser.docc */; };
		3E6E23C327B9128100AE5C9F /* DBrowser.framework in Frameworks */ = {isa = PBXBuildFile; fileRef = 3E6E23B827B9128100AE5C9F /* DBrowser.framework */; };
		3E6E23C827B9128100AE5C9F /* DBrowserTests.swift in Sources */ = {isa = PBXBuildFile; fileRef = 3E6E23C727B9128100AE5C9F /* DBrowserTests.swift */; };
		3E6E23C927B9128100AE5C9F /* DBrowser.h in Headers */ = {isa = PBXBuildFile; fileRef = 3E6E23BB27B9128100AE5C9F /* DBrowser.h */; settings = {ATTRIBUTES = (Public, ); }; };
		3E6E23D927B9139100AE5C9F /* AppDelegate.swift in Sources */ = {isa = PBXBuildFile; fileRef = 3E6E23D827B9139100AE5C9F /* AppDelegate.swift */; };
		3E6E23DB27B9139100AE5C9F /* SceneDelegate.swift in Sources */ = {isa = PBXBuildFile; fileRef = 3E6E23DA27B9139100AE5C9F /* SceneDelegate.swift */; };
		3E6E23DD27B9139100AE5C9F /* ViewController.swift in Sources */ = {isa = PBXBuildFile; fileRef = 3E6E23DC27B9139100AE5C9F /* ViewController.swift */; };
		3E6E23E027B9139100AE5C9F /* Main.storyboard in Resources */ = {isa = PBXBuildFile; fileRef = 3E6E23DE27B9139100AE5C9F /* Main.storyboard */; };
		3E6E23E227B9139300AE5C9F /* Assets.xcassets in Resources */ = {isa = PBXBuildFile; fileRef = 3E6E23E127B9139300AE5C9F /* Assets.xcassets */; };
		3E6E23E527B9139300AE5C9F /* LaunchScreen.storyboard in Resources */ = {isa = PBXBuildFile; fileRef = 3E6E23E327B9139300AE5C9F /* LaunchScreen.storyboard */; };
		3E6E241127B9273100AE5C9F /* DBrowserMain.swift in Sources */ = {isa = PBXBuildFile; fileRef = 3E6E241027B9273100AE5C9F /* DBrowserMain.swift */; };
		3E8D18F127C68C0D00108F62 /* SQLiteFileRepository.swift in Sources */ = {isa = PBXBuildFile; fileRef = 3E8D18F027C68C0D00108F62 /* SQLiteFileRepository.swift */; };
		3E8D18F327C68D2300108F62 /* DBRepository.swift in Sources */ = {isa = PBXBuildFile; fileRef = 3E8D18F227C68D2300108F62 /* DBRepository.swift */; };
		3E8D18F527C6902500108F62 /* DBDataItem.swift in Sources */ = {isa = PBXBuildFile; fileRef = 3E8D18F427C6902500108F62 /* DBDataItem.swift */; };
		3E8D18F727C6903800108F62 /* DBDataRow.swift in Sources */ = {isa = PBXBuildFile; fileRef = 3E8D18F627C6903800108F62 /* DBDataRow.swift */; };
		3E8D18F927C6964F00108F62 /* DBDataTable.swift in Sources */ = {isa = PBXBuildFile; fileRef = 3E8D18F827C6964F00108F62 /* DBDataTable.swift */; };
		3E8D18FB27C6984B00108F62 /* DBDataInteractor.swift in Sources */ = {isa = PBXBuildFile; fileRef = 3E8D18FA27C6984B00108F62 /* DBDataInteractor.swift */; };
		3E8D18FD27C699B100108F62 /* SQLiteDBDataInteractor.swift in Sources */ = {isa = PBXBuildFile; fileRef = 3E8D18FC27C699B100108F62 /* SQLiteDBDataInteractor.swift */; };
		3EBBB9A427C238320079BE55 /* DBManager.swift in Sources */ = {isa = PBXBuildFile; fileRef = 3EBBB9A327C238320079BE55 /* DBManager.swift */; };
/* End PBXBuildFile section */

/* Begin PBXContainerItemProxy section */
		3E6E23C427B9128100AE5C9F /* PBXContainerItemProxy */ = {
			isa = PBXContainerItemProxy;
			containerPortal = 3E6E23AF27B9128100AE5C9F /* Project object */;
			proxyType = 1;
			remoteGlobalIDString = 3E6E23B727B9128100AE5C9F;
			remoteInfo = DBrowser;
		};
/* End PBXContainerItemProxy section */

/* Begin PBXFileReference section */
		3E6E23B827B9128100AE5C9F /* DBrowser.framework */ = {isa = PBXFileReference; explicitFileType = wrapper.framework; includeInIndex = 0; path = DBrowser.framework; sourceTree = BUILT_PRODUCTS_DIR; };
		3E6E23BB27B9128100AE5C9F /* DBrowser.h */ = {isa = PBXFileReference; lastKnownFileType = sourcecode.c.h; path = DBrowser.h; sourceTree = "<group>"; };
		3E6E23BC27B9128100AE5C9F /* DBrowser.docc */ = {isa = PBXFileReference; lastKnownFileType = folder.documentationcatalog; path = DBrowser.docc; sourceTree = "<group>"; };
		3E6E23C227B9128100AE5C9F /* DBrowserTests.xctest */ = {isa = PBXFileReference; explicitFileType = wrapper.cfbundle; includeInIndex = 0; path = DBrowserTests.xctest; sourceTree = BUILT_PRODUCTS_DIR; };
		3E6E23C727B9128100AE5C9F /* DBrowserTests.swift */ = {isa = PBXFileReference; lastKnownFileType = sourcecode.swift; path = DBrowserTests.swift; sourceTree = "<group>"; };
		3E6E23D627B9139100AE5C9F /* DBrowserExamples.app */ = {isa = PBXFileReference; explicitFileType = wrapper.application; includeInIndex = 0; path = DBrowserExamples.app; sourceTree = BUILT_PRODUCTS_DIR; };
		3E6E23D827B9139100AE5C9F /* AppDelegate.swift */ = {isa = PBXFileReference; lastKnownFileType = sourcecode.swift; path = AppDelegate.swift; sourceTree = "<group>"; };
		3E6E23DA27B9139100AE5C9F /* SceneDelegate.swift */ = {isa = PBXFileReference; lastKnownFileType = sourcecode.swift; path = SceneDelegate.swift; sourceTree = "<group>"; };
		3E6E23DC27B9139100AE5C9F /* ViewController.swift */ = {isa = PBXFileReference; lastKnownFileType = sourcecode.swift; path = ViewController.swift; sourceTree = "<group>"; };
		3E6E23DF27B9139100AE5C9F /* Base */ = {isa = PBXFileReference; lastKnownFileType = file.storyboard; name = Base; path = Base.lproj/Main.storyboard; sourceTree = "<group>"; };
		3E6E23E127B9139300AE5C9F /* Assets.xcassets */ = {isa = PBXFileReference; lastKnownFileType = folder.assetcatalog; path = Assets.xcassets; sourceTree = "<group>"; };
		3E6E23E427B9139300AE5C9F /* Base */ = {isa = PBXFileReference; lastKnownFileType = file.storyboard; name = Base; path = Base.lproj/LaunchScreen.storyboard; sourceTree = "<group>"; };
		3E6E23E627B9139300AE5C9F /* Info.plist */ = {isa = PBXFileReference; lastKnownFileType = text.plist.xml; path = Info.plist; sourceTree = "<group>"; };
		3E6E241027B9273100AE5C9F /* DBrowserMain.swift */ = {isa = PBXFileReference; lastKnownFileType = sourcecode.swift; path = DBrowserMain.swift; sourceTree = "<group>"; };
		3E8D18F027C68C0D00108F62 /* SQLiteFileRepository.swift */ = {isa = PBXFileReference; lastKnownFileType = sourcecode.swift; path = SQLiteFileRepository.swift; sourceTree = "<group>"; };
		3E8D18F227C68D2300108F62 /* DBRepository.swift */ = {isa = PBXFileReference; lastKnownFileType = sourcecode.swift; path = DBRepository.swift; sourceTree = "<group>"; };
		3E8D18F427C6902500108F62 /* DBDataItem.swift */ = {isa = PBXFileReference; lastKnownFileType = sourcecode.swift; path = DBDataItem.swift; sourceTree = "<group>"; };
		3E8D18F627C6903800108F62 /* DBDataRow.swift */ = {isa = PBXFileReference; lastKnownFileType = sourcecode.swift; path = DBDataRow.swift; sourceTree = "<group>"; };
		3E8D18F827C6964F00108F62 /* DBDataTable.swift */ = {isa = PBXFileReference; lastKnownFileType = sourcecode.swift; path = DBDataTable.swift; sourceTree = "<group>"; };
		3E8D18FA27C6984B00108F62 /* DBDataInteractor.swift */ = {isa = PBXFileReference; lastKnownFileType = sourcecode.swift; path = DBDataInteractor.swift; sourceTree = "<group>"; };
		3E8D18FC27C699B100108F62 /* SQLiteDBDataInteractor.swift */ = {isa = PBXFileReference; lastKnownFileType = sourcecode.swift; path = SQLiteDBDataInteractor.swift; sourceTree = "<group>"; };
		3EBBB9A327C238320079BE55 /* DBManager.swift */ = {isa = PBXFileReference; lastKnownFileType = sourcecode.swift; path = DBManager.swift; sourceTree = "<group>"; };
/* End PBXFileReference section */

/* Begin PBXFrameworksBuildPhase section */
		3E6E23B527B9128100AE5C9F /* Frameworks */ = {
			isa = PBXFrameworksBuildPhase;
			buildActionMask = 2147483647;
			files = (
			);
			runOnlyForDeploymentPostprocessing = 0;
		};
		3E6E23BF27B9128100AE5C9F /* Frameworks */ = {
			isa = PBXFrameworksBuildPhase;
			buildActionMask = 2147483647;
			files = (
				3E6E23C327B9128100AE5C9F /* DBrowser.framework in Frameworks */,
			);
			runOnlyForDeploymentPostprocessing = 0;
		};
		3E6E23D327B9139100AE5C9F /* Frameworks */ = {
			isa = PBXFrameworksBuildPhase;
			buildActionMask = 2147483647;
			files = (
			);
			runOnlyForDeploymentPostprocessing = 0;
		};
/* End PBXFrameworksBuildPhase section */

/* Begin PBXGroup section */
		3E6E23AE27B9128100AE5C9F = {
			isa = PBXGroup;
			children = (
				3E6E23BA27B9128100AE5C9F /* DBrowser */,
				3E6E23C627B9128100AE5C9F /* DBrowserTests */,
				3E6E23D727B9139100AE5C9F /* DBrowserExamples */,
				3E6E23B927B9128100AE5C9F /* Products */,
				3EBBB99F27C237500079BE55 /* Frameworks */,
			);
			sourceTree = "<group>";
		};
		3E6E23B927B9128100AE5C9F /* Products */ = {
			isa = PBXGroup;
			children = (
				3E6E23B827B9128100AE5C9F /* DBrowser.framework */,
				3E6E23C227B9128100AE5C9F /* DBrowserTests.xctest */,
				3E6E23D627B9139100AE5C9F /* DBrowserExamples.app */,
			);
			name = Products;
			sourceTree = "<group>";
		};
		3E6E23BA27B9128100AE5C9F /* DBrowser */ = {
			isa = PBXGroup;
			children = (
				3E8D18EF27C68ADB00108F62 /* Repositories */,
				3E8D18EE27C68AD000108F62 /* Utilities */,
				3E8D18EC27C68A8400108F62 /* UI */,
				3E8D18EB27C68A7200108F62 /* Models */,
				3E8D18E327C68A6100108F62 /* Interactors */,
				3E6E241027B9273100AE5C9F /* DBrowserMain.swift */,
				3E6E23BB27B9128100AE5C9F /* DBrowser.h */,
				3E6E23BC27B9128100AE5C9F /* DBrowser.docc */,
			);
			path = DBrowser;
			sourceTree = "<group>";
		};
		3E6E23C627B9128100AE5C9F /* DBrowserTests */ = {
			isa = PBXGroup;
			children = (
				3E6E23C727B9128100AE5C9F /* DBrowserTests.swift */,
			);
			path = DBrowserTests;
			sourceTree = "<group>";
		};
		3E6E23D727B9139100AE5C9F /* DBrowserExamples */ = {
			isa = PBXGroup;
			children = (
				3E6E23D827B9139100AE5C9F /* AppDelegate.swift */,
				3E6E23DA27B9139100AE5C9F /* SceneDelegate.swift */,
				3E6E23DC27B9139100AE5C9F /* ViewController.swift */,
				3E6E23DE27B9139100AE5C9F /* Main.storyboard */,
				3E6E23E127B9139300AE5C9F /* Assets.xcassets */,
				3E6E23E327B9139300AE5C9F /* LaunchScreen.storyboard */,
				3E6E23E627B9139300AE5C9F /* Info.plist */,
			);
			path = DBrowserExamples;
			sourceTree = "<group>";
		};
		3E8D18E327C68A6100108F62 /* Interactors */ = {
			isa = PBXGroup;
			children = (
				3E8D18FA27C6984B00108F62 /* DBDataInteractor.swift */,
				3E8D18FC27C699B100108F62 /* SQLiteDBDataInteractor.swift */,
			);
			path = Interactors;
			sourceTree = "<group>";
		};
		3E8D18EB27C68A7200108F62 /* Models */ = {
			isa = PBXGroup;
			children = (
				3E8D18F427C6902500108F62 /* DBDataItem.swift */,
				3E8D18F627C6903800108F62 /* DBDataRow.swift */,
				3E8D18F827C6964F00108F62 /* DBDataTable.swift */,
			);
			path = Models;
			sourceTree = "<group>";
		};
		3E8D18EC27C68A8400108F62 /* UI */ = {
			isa = PBXGroup;
			children = (
				3E8D18ED27C68A8A00108F62 /* Screens */,
			);
			path = UI;
			sourceTree = "<group>";
		};
		3E8D18ED27C68A8A00108F62 /* Screens */ = {
			isa = PBXGroup;
			children = (
			);
			path = Screens;
			sourceTree = "<group>";
		};
		3E8D18EE27C68AD000108F62 /* Utilities */ = {
			isa = PBXGroup;
			children = (
			);
			path = Utilities;
			sourceTree = "<group>";
		};
		3E8D18EF27C68ADB00108F62 /* Repositories */ = {
			isa = PBXGroup;
			children = (
				3EBBB9A327C238320079BE55 /* DBManager.swift */,
				3E8D18F027C68C0D00108F62 /* SQLiteFileRepository.swift */,
				3E8D18F227C68D2300108F62 /* DBRepository.swift */,
			);
			path = Repositories;
			sourceTree = "<group>";
		};
		3EBBB99F27C237500079BE55 /* Frameworks */ = {
			isa = PBXGroup;
			children = (
			);
			name = Frameworks;
			sourceTree = "<group>";
		};
/* End PBXGroup section */

/* Begin PBXHeadersBuildPhase section */
		3E6E23B327B9128100AE5C9F /* Headers */ = {
			isa = PBXHeadersBuildPhase;
			buildActionMask = 2147483647;
			files = (
				3E6E23C927B9128100AE5C9F /* DBrowser.h in Headers */,
			);
			runOnlyForDeploymentPostprocessing = 0;
		};
/* End PBXHeadersBuildPhase section */

/* Begin PBXNativeTarget section */
		3E6E23B727B9128100AE5C9F /* DBrowser */ = {
			isa = PBXNativeTarget;
			buildConfigurationList = 3E6E23CC27B9128100AE5C9F /* Build configuration list for PBXNativeTarget "DBrowser" */;
			buildPhases = (
				3E6E23B327B9128100AE5C9F /* Headers */,
				3E6E23B427B9128100AE5C9F /* Sources */,
				3E6E23B527B9128100AE5C9F /* Frameworks */,
				3E6E23B627B9128100AE5C9F /* Resources */,
			);
			buildRules = (
			);
			dependencies = (
			);
			name = DBrowser;
			productName = DBrowser;
			productReference = 3E6E23B827B9128100AE5C9F /* DBrowser.framework */;
			productType = "com.apple.product-type.framework";
		};
		3E6E23C127B9128100AE5C9F /* DBrowserTests */ = {
			isa = PBXNativeTarget;
			buildConfigurationList = 3E6E23CF27B9128100AE5C9F /* Build configuration list for PBXNativeTarget "DBrowserTests" */;
			buildPhases = (
				3E6E23BE27B9128100AE5C9F /* Sources */,
				3E6E23BF27B9128100AE5C9F /* Frameworks */,
				3E6E23C027B9128100AE5C9F /* Resources */,
			);
			buildRules = (
			);
			dependencies = (
				3E6E23C527B9128100AE5C9F /* PBXTargetDependency */,
			);
			name = DBrowserTests;
			productName = DBrowserTests;
			productReference = 3E6E23C227B9128100AE5C9F /* DBrowserTests.xctest */;
			productType = "com.apple.product-type.bundle.unit-test";
		};
		3E6E23D527B9139100AE5C9F /* DBrowserExamples */ = {
			isa = PBXNativeTarget;
			buildConfigurationList = 3E6E23E727B9139300AE5C9F /* Build configuration list for PBXNativeTarget "DBrowserExamples" */;
			buildPhases = (
				3E6E23D227B9139100AE5C9F /* Sources */,
				3E6E23D327B9139100AE5C9F /* Frameworks */,
				3E6E23D427B9139100AE5C9F /* Resources */,
			);
			buildRules = (
			);
			dependencies = (
			);
			name = DBrowserExamples;
			productName = DBrowserExamples;
			productReference = 3E6E23D627B9139100AE5C9F /* DBrowserExamples.app */;
			productType = "com.apple.product-type.application";
		};
/* End PBXNativeTarget section */

/* Begin PBXProject section */
		3E6E23AF27B9128100AE5C9F /* Project object */ = {
			isa = PBXProject;
			attributes = {
				BuildIndependentTargetsInParallel = 1;
				LastSwiftUpdateCheck = 1320;
				LastUpgradeCheck = 1320;
				TargetAttributes = {
					3E6E23B727B9128100AE5C9F = {
						CreatedOnToolsVersion = 13.2.1;
					};
					3E6E23C127B9128100AE5C9F = {
						CreatedOnToolsVersion = 13.2.1;
					};
					3E6E23D527B9139100AE5C9F = {
						CreatedOnToolsVersion = 13.2.1;
					};
				};
			};
			buildConfigurationList = 3E6E23B227B9128100AE5C9F /* Build configuration list for PBXProject "DBrowser" */;
			compatibilityVersion = "Xcode 13.0";
			developmentRegion = en;
			hasScannedForEncodings = 0;
			knownRegions = (
				en,
				Base,
			);
			mainGroup = 3E6E23AE27B9128100AE5C9F;
			productRefGroup = 3E6E23B927B9128100AE5C9F /* Products */;
			projectDirPath = "";
			projectRoot = "";
			targets = (
				3E6E23B727B9128100AE5C9F /* DBrowser */,
				3E6E23C127B9128100AE5C9F /* DBrowserTests */,
				3E6E23D527B9139100AE5C9F /* DBrowserExamples */,
			);
		};
/* End PBXProject section */

/* Begin PBXResourcesBuildPhase section */
		3E6E23B627B9128100AE5C9F /* Resources */ = {
			isa = PBXResourcesBuildPhase;
			buildActionMask = 2147483647;
			files = (
			);
			runOnlyForDeploymentPostprocessing = 0;
		};
		3E6E23C027B9128100AE5C9F /* Resources */ = {
			isa = PBXResourcesBuildPhase;
			buildActionMask = 2147483647;
			files = (
			);
			runOnlyForDeploymentPostprocessing = 0;
		};
		3E6E23D427B9139100AE5C9F /* Resources */ = {
			isa = PBXResourcesBuildPhase;
			buildActionMask = 2147483647;
			files = (
				3E6E23E527B9139300AE5C9F /* LaunchScreen.storyboard in Resources */,
				3E6E23E227B9139300AE5C9F /* Assets.xcassets in Resources */,
				3E6E23E027B9139100AE5C9F /* Main.storyboard in Resources */,
			);
			runOnlyForDeploymentPostprocessing = 0;
		};
/* End PBXResourcesBuildPhase section */

/* Begin PBXSourcesBuildPhase section */
		3E6E23B427B9128100AE5C9F /* Sources */ = {
			isa = PBXSourcesBuildPhase;
			buildActionMask = 2147483647;
			files = (
				3E8D18FD27C699B100108F62 /* SQLiteDBDataInteractor.swift in Sources */,
				3E6E241127B9273100AE5C9F /* DBrowserMain.swift in Sources */,
				3E8D18FB27C6984B00108F62 /* DBDataInteractor.swift in Sources */,
				3E8D18F327C68D2300108F62 /* DBRepository.swift in Sources */,
				3E8D18F727C6903800108F62 /* DBDataRow.swift in Sources */,
				3EBBB9A427C238320079BE55 /* DBManager.swift in Sources */,
				3E8D18F927C6964F00108F62 /* DBDataTable.swift in Sources */,
				3E6E23BD27B9128100AE5C9F /* DBrowser.docc in Sources */,
				3E8D18F527C6902500108F62 /* DBDataItem.swift in Sources */,
				3E8D18F127C68C0D00108F62 /* SQLiteFileRepository.swift in Sources */,
			);
			runOnlyForDeploymentPostprocessing = 0;
		};
		3E6E23BE27B9128100AE5C9F /* Sources */ = {
			isa = PBXSourcesBuildPhase;
			buildActionMask = 2147483647;
			files = (
				3E6E23C827B9128100AE5C9F /* DBrowserTests.swift in Sources */,
			);
			runOnlyForDeploymentPostprocessing = 0;
		};
		3E6E23D227B9139100AE5C9F /* Sources */ = {
			isa = PBXSourcesBuildPhase;
			buildActionMask = 2147483647;
			files = (
				3E6E23DD27B9139100AE5C9F /* ViewController.swift in Sources */,
				3E6E23D927B9139100AE5C9F /* AppDelegate.swift in Sources */,
				3E6E23DB27B9139100AE5C9F /* SceneDelegate.swift in Sources */,
			);
			runOnlyForDeploymentPostprocessing = 0;
		};
/* End PBXSourcesBuildPhase section */

/* Begin PBXTargetDependency section */
		3E6E23C527B9128100AE5C9F /* PBXTargetDependency */ = {
			isa = PBXTargetDependency;
			target = 3E6E23B727B9128100AE5C9F /* DBrowser */;
			targetProxy = 3E6E23C427B9128100AE5C9F /* PBXContainerItemProxy */;
		};
/* End PBXTargetDependency section */

/* Begin PBXVariantGroup section */
		3E6E23DE27B9139100AE5C9F /* Main.storyboard */ = {
			isa = PBXVariantGroup;
			children = (
				3E6E23DF27B9139100AE5C9F /* Base */,
			);
			name = Main.storyboard;
			sourceTree = "<group>";
		};
		3E6E23E327B9139300AE5C9F /* LaunchScreen.storyboard */ = {
			isa = PBXVariantGroup;
			children = (
				3E6E23E427B9139300AE5C9F /* Base */,
			);
			name = LaunchScreen.storyboard;
			sourceTree = "<group>";
		};
/* End PBXVariantGroup section */

/* Begin XCBuildConfiguration section */
		3E6E23CA27B9128100AE5C9F /* Debug */ = {
			isa = XCBuildConfiguration;
			buildSettings = {
				ALWAYS_SEARCH_USER_PATHS = NO;
				CLANG_ANALYZER_NONNULL = YES;
				CLANG_ANALYZER_NUMBER_OBJECT_CONVERSION = YES_AGGRESSIVE;
				CLANG_CXX_LANGUAGE_STANDARD = "gnu++17";
				CLANG_CXX_LIBRARY = "libc++";
				CLANG_ENABLE_MODULES = YES;
				CLANG_ENABLE_OBJC_ARC = YES;
				CLANG_ENABLE_OBJC_WEAK = YES;
				CLANG_WARN_BLOCK_CAPTURE_AUTORELEASING = YES;
				CLANG_WARN_BOOL_CONVERSION = YES;
				CLANG_WARN_COMMA = YES;
				CLANG_WARN_CONSTANT_CONVERSION = YES;
				CLANG_WARN_DEPRECATED_OBJC_IMPLEMENTATIONS = YES;
				CLANG_WARN_DIRECT_OBJC_ISA_USAGE = YES_ERROR;
				CLANG_WARN_DOCUMENTATION_COMMENTS = YES;
				CLANG_WARN_EMPTY_BODY = YES;
				CLANG_WARN_ENUM_CONVERSION = YES;
				CLANG_WARN_INFINITE_RECURSION = YES;
				CLANG_WARN_INT_CONVERSION = YES;
				CLANG_WARN_NON_LITERAL_NULL_CONVERSION = YES;
				CLANG_WARN_OBJC_IMPLICIT_RETAIN_SELF = YES;
				CLANG_WARN_OBJC_LITERAL_CONVERSION = YES;
				CLANG_WARN_OBJC_ROOT_CLASS = YES_ERROR;
				CLANG_WARN_QUOTED_INCLUDE_IN_FRAMEWORK_HEADER = YES;
				CLANG_WARN_RANGE_LOOP_ANALYSIS = YES;
				CLANG_WARN_STRICT_PROTOTYPES = YES;
				CLANG_WARN_SUSPICIOUS_MOVE = YES;
				CLANG_WARN_UNGUARDED_AVAILABILITY = YES_AGGRESSIVE;
				CLANG_WARN_UNREACHABLE_CODE = YES;
				CLANG_WARN__DUPLICATE_METHOD_MATCH = YES;
				COPY_PHASE_STRIP = NO;
				CURRENT_PROJECT_VERSION = 1;
				DEBUG_INFORMATION_FORMAT = dwarf;
				ENABLE_STRICT_OBJC_MSGSEND = YES;
				ENABLE_TESTABILITY = YES;
				GCC_C_LANGUAGE_STANDARD = gnu11;
				GCC_DYNAMIC_NO_PIC = NO;
				GCC_NO_COMMON_BLOCKS = YES;
				GCC_OPTIMIZATION_LEVEL = 0;
				GCC_PREPROCESSOR_DEFINITIONS = (
					"DEBUG=1",
					"$(inherited)",
				);
				GCC_WARN_64_TO_32_BIT_CONVERSION = YES;
				GCC_WARN_ABOUT_RETURN_TYPE = YES_ERROR;
				GCC_WARN_UNDECLARED_SELECTOR = YES;
				GCC_WARN_UNINITIALIZED_AUTOS = YES_AGGRESSIVE;
				GCC_WARN_UNUSED_FUNCTION = YES;
				GCC_WARN_UNUSED_VARIABLE = YES;
				IPHONEOS_DEPLOYMENT_TARGET = 13.0;
				MTL_ENABLE_DEBUG_INFO = INCLUDE_SOURCE;
				MTL_FAST_MATH = YES;
				ONLY_ACTIVE_ARCH = YES;
				SDKROOT = iphoneos;
				SWIFT_ACTIVE_COMPILATION_CONDITIONS = DEBUG;
				SWIFT_OPTIMIZATION_LEVEL = "-Onone";
				VERSIONING_SYSTEM = "apple-generic";
				VERSION_INFO_PREFIX = "";
			};
			name = Debug;
		};
		3E6E23CB27B9128100AE5C9F /* Release */ = {
			isa = XCBuildConfiguration;
			buildSettings = {
				ALWAYS_SEARCH_USER_PATHS = NO;
				CLANG_ANALYZER_NONNULL = YES;
				CLANG_ANALYZER_NUMBER_OBJECT_CONVERSION = YES_AGGRESSIVE;
				CLANG_CXX_LANGUAGE_STANDARD = "gnu++17";
				CLANG_CXX_LIBRARY = "libc++";
				CLANG_ENABLE_MODULES = YES;
				CLANG_ENABLE_OBJC_ARC = YES;
				CLANG_ENABLE_OBJC_WEAK = YES;
				CLANG_WARN_BLOCK_CAPTURE_AUTORELEASING = YES;
				CLANG_WARN_BOOL_CONVERSION = YES;
				CLANG_WARN_COMMA = YES;
				CLANG_WARN_CONSTANT_CONVERSION = YES;
				CLANG_WARN_DEPRECATED_OBJC_IMPLEMENTATIONS = YES;
				CLANG_WARN_DIRECT_OBJC_ISA_USAGE = YES_ERROR;
				CLANG_WARN_DOCUMENTATION_COMMENTS = YES;
				CLANG_WARN_EMPTY_BODY = YES;
				CLANG_WARN_ENUM_CONVERSION = YES;
				CLANG_WARN_INFINITE_RECURSION = YES;
				CLANG_WARN_INT_CONVERSION = YES;
				CLANG_WARN_NON_LITERAL_NULL_CONVERSION = YES;
				CLANG_WARN_OBJC_IMPLICIT_RETAIN_SELF = YES;
				CLANG_WARN_OBJC_LITERAL_CONVERSION = YES;
				CLANG_WARN_OBJC_ROOT_CLASS = YES_ERROR;
				CLANG_WARN_QUOTED_INCLUDE_IN_FRAMEWORK_HEADER = YES;
				CLANG_WARN_RANGE_LOOP_ANALYSIS = YES;
				CLANG_WARN_STRICT_PROTOTYPES = YES;
				CLANG_WARN_SUSPICIOUS_MOVE = YES;
				CLANG_WARN_UNGUARDED_AVAILABILITY = YES_AGGRESSIVE;
				CLANG_WARN_UNREACHABLE_CODE = YES;
				CLANG_WARN__DUPLICATE_METHOD_MATCH = YES;
				COPY_PHASE_STRIP = NO;
				CURRENT_PROJECT_VERSION = 1;
				DEBUG_INFORMATION_FORMAT = "dwarf-with-dsym";
				ENABLE_NS_ASSERTIONS = NO;
				ENABLE_STRICT_OBJC_MSGSEND = YES;
				GCC_C_LANGUAGE_STANDARD = gnu11;
				GCC_NO_COMMON_BLOCKS = YES;
				GCC_WARN_64_TO_32_BIT_CONVERSION = YES;
				GCC_WARN_ABOUT_RETURN_TYPE = YES_ERROR;
				GCC_WARN_UNDECLARED_SELECTOR = YES;
				GCC_WARN_UNINITIALIZED_AUTOS = YES_AGGRESSIVE;
				GCC_WARN_UNUSED_FUNCTION = YES;
				GCC_WARN_UNUSED_VARIABLE = YES;
				IPHONEOS_DEPLOYMENT_TARGET = 13.0;
				MTL_ENABLE_DEBUG_INFO = NO;
				MTL_FAST_MATH = YES;
				SDKROOT = iphoneos;
				SWIFT_COMPILATION_MODE = wholemodule;
				SWIFT_OPTIMIZATION_LEVEL = "-O";
				VALIDATE_PRODUCT = YES;
				VERSIONING_SYSTEM = "apple-generic";
				VERSION_INFO_PREFIX = "";
			};
			name = Release;
		};
		3E6E23CD27B9128100AE5C9F /* Debug */ = {
			isa = XCBuildConfiguration;
			buildSettings = {
				CODE_SIGN_STYLE = Automatic;
				CURRENT_PROJECT_VERSION = 1;
				DEFINES_MODULE = YES;
				DEVELOPMENT_TEAM = X5P7HK39AN;
				DYLIB_COMPATIBILITY_VERSION = 1;
				DYLIB_CURRENT_VERSION = 1;
				DYLIB_INSTALL_NAME_BASE = "@rpath";
				GENERATE_INFOPLIST_FILE = YES;
				INFOPLIST_KEY_NSHumanReadableCopyright = "";
				INSTALL_PATH = "$(LOCAL_LIBRARY_DIR)/Frameworks";
				LD_RUNPATH_SEARCH_PATHS = (
					"$(inherited)",
					"@executable_path/Frameworks",
					"@loader_path/Frameworks",
				);
				MARKETING_VERSION = 1.0;
				PRODUCT_BUNDLE_IDENTIFIER = com.harleypham.DBrowser;
				PRODUCT_NAME = "$(TARGET_NAME:c99extidentifier)";
				SKIP_INSTALL = YES;
				SUPPORTS_MACCATALYST = NO;
				SWIFT_EMIT_LOC_STRINGS = YES;
				SWIFT_VERSION = 5.0;
				TARGETED_DEVICE_FAMILY = "1,2";
			};
			name = Debug;
		};
		3E6E23CE27B9128100AE5C9F /* Release */ = {
			isa = XCBuildConfiguration;
			buildSettings = {
				CODE_SIGN_STYLE = Automatic;
				CURRENT_PROJECT_VERSION = 1;
				DEFINES_MODULE = YES;
				DEVELOPMENT_TEAM = X5P7HK39AN;
				DYLIB_COMPATIBILITY_VERSION = 1;
				DYLIB_CURRENT_VERSION = 1;
				DYLIB_INSTALL_NAME_BASE = "@rpath";
				GENERATE_INFOPLIST_FILE = YES;
				INFOPLIST_KEY_NSHumanReadableCopyright = "";
				INSTALL_PATH = "$(LOCAL_LIBRARY_DIR)/Frameworks";
				LD_RUNPATH_SEARCH_PATHS = (
					"$(inherited)",
					"@executable_path/Frameworks",
					"@loader_path/Frameworks",
				);
				MARKETING_VERSION = 1.0;
				PRODUCT_BUNDLE_IDENTIFIER = com.harleypham.DBrowser;
				PRODUCT_NAME = "$(TARGET_NAME:c99extidentifier)";
				SKIP_INSTALL = YES;
				SUPPORTS_MACCATALYST = NO;
				SWIFT_EMIT_LOC_STRINGS = YES;
				SWIFT_VERSION = 5.0;
				TARGETED_DEVICE_FAMILY = "1,2";
			};
			name = Release;
		};
		3E6E23D027B9128100AE5C9F /* Debug */ = {
			isa = XCBuildConfiguration;
			buildSettings = {
				ALWAYS_EMBED_SWIFT_STANDARD_LIBRARIES = YES;
				CODE_SIGN_STYLE = Automatic;
				CURRENT_PROJECT_VERSION = 1;
				DEVELOPMENT_TEAM = X5P7HK39AN;
				GENERATE_INFOPLIST_FILE = YES;
				MARKETING_VERSION = 1.0;
				PRODUCT_BUNDLE_IDENTIFIER = com.harleypham.DBrowserTests;
				PRODUCT_NAME = "$(TARGET_NAME)";
				SWIFT_EMIT_LOC_STRINGS = NO;
				SWIFT_VERSION = 5.0;
				TARGETED_DEVICE_FAMILY = "1,2";
			};
			name = Debug;
		};
		3E6E23D127B9128100AE5C9F /* Release */ = {
			isa = XCBuildConfiguration;
			buildSettings = {
				ALWAYS_EMBED_SWIFT_STANDARD_LIBRARIES = YES;
				CODE_SIGN_STYLE = Automatic;
				CURRENT_PROJECT_VERSION = 1;
				DEVELOPMENT_TEAM = X5P7HK39AN;
				GENERATE_INFOPLIST_FILE = YES;
				MARKETING_VERSION = 1.0;
				PRODUCT_BUNDLE_IDENTIFIER = com.harleypham.DBrowserTests;
				PRODUCT_NAME = "$(TARGET_NAME)";
				SWIFT_EMIT_LOC_STRINGS = NO;
				SWIFT_VERSION = 5.0;
				TARGETED_DEVICE_FAMILY = "1,2";
			};
			name = Release;
		};
		3E6E23E827B9139300AE5C9F /* Debug */ = {
			isa = XCBuildConfiguration;
			buildSettings = {
				ASSETCATALOG_COMPILER_APPICON_NAME = AppIcon;
				ASSETCATALOG_COMPILER_GLOBAL_ACCENT_COLOR_NAME = AccentColor;
				CODE_SIGN_STYLE = Automatic;
				CURRENT_PROJECT_VERSION = 1;
				DEVELOPMENT_TEAM = X5P7HK39AN;
				GENERATE_INFOPLIST_FILE = YES;
				INFOPLIST_FILE = DBrowserExamples/Info.plist;
				INFOPLIST_KEY_UIApplicationSupportsIndirectInputEvents = YES;
				INFOPLIST_KEY_UILaunchStoryboardName = LaunchScreen;
				INFOPLIST_KEY_UIMainStoryboardFile = Main;
				INFOPLIST_KEY_UISupportedInterfaceOrientations_iPad = "UIInterfaceOrientationPortrait UIInterfaceOrientationPortraitUpsideDown UIInterfaceOrientationLandscapeLeft UIInterfaceOrientationLandscapeRight";
				INFOPLIST_KEY_UISupportedInterfaceOrientations_iPhone = "UIInterfaceOrientationPortrait UIInterfaceOrientationLandscapeLeft UIInterfaceOrientationLandscapeRight";
				IPHONEOS_DEPLOYMENT_TARGET = 13.0;
				LD_RUNPATH_SEARCH_PATHS = (
					"$(inherited)",
					"@executable_path/Frameworks",
				);
				MARKETING_VERSION = 1.0;
				PRODUCT_BUNDLE_IDENTIFIER = com.harleypham.DBrowserExamples;
				PRODUCT_NAME = "$(TARGET_NAME)";
				SWIFT_EMIT_LOC_STRINGS = YES;
				SWIFT_VERSION = 5.0;
				TARGETED_DEVICE_FAMILY = "1,2";
			};
			name = Debug;
		};
		3E6E23E927B9139300AE5C9F /* Release */ = {
			isa = XCBuildConfiguration;
			buildSettings = {
				ASSETCATALOG_COMPILER_APPICON_NAME = AppIcon;
				ASSETCATALOG_COMPILER_GLOBAL_ACCENT_COLOR_NAME = AccentColor;
				CODE_SIGN_STYLE = Automatic;
				CURRENT_PROJECT_VERSION = 1;
				DEVELOPMENT_TEAM = X5P7HK39AN;
				GENERATE_INFOPLIST_FILE = YES;
				INFOPLIST_FILE = DBrowserExamples/Info.plist;
				INFOPLIST_KEY_UIApplicationSupportsIndirectInputEvents = YES;
				INFOPLIST_KEY_UILaunchStoryboardName = LaunchScreen;
				INFOPLIST_KEY_UIMainStoryboardFile = Main;
				INFOPLIST_KEY_UISupportedInterfaceOrientations_iPad = "UIInterfaceOrientationPortrait UIInterfaceOrientationPortraitUpsideDown UIInterfaceOrientationLandscapeLeft UIInterfaceOrientationLandscapeRight";
				INFOPLIST_KEY_UISupportedInterfaceOrientations_iPhone = "UIInterfaceOrientationPortrait UIInterfaceOrientationLandscapeLeft UIInterfaceOrientationLandscapeRight";
				IPHONEOS_DEPLOYMENT_TARGET = 13.0;
				LD_RUNPATH_SEARCH_PATHS = (
					"$(inherited)",
					"@executable_path/Frameworks",
				);
				MARKETING_VERSION = 1.0;
				PRODUCT_BUNDLE_IDENTIFIER = com.harleypham.DBrowserExamples;
				PRODUCT_NAME = "$(TARGET_NAME)";
				SWIFT_EMIT_LOC_STRINGS = YES;
				SWIFT_VERSION = 5.0;
				TARGETED_DEVICE_FAMILY = "1,2";
			};
			name = Release;
		};
/* End XCBuildConfiguration section */

/* Begin XCConfigurationList section */
		3E6E23B227B9128100AE5C9F /* Build configuration list for PBXProject "DBrowser" */ = {
			isa = XCConfigurationList;
			buildConfigurations = (
				3E6E23CA27B9128100AE5C9F /* Debug */,
				3E6E23CB27B9128100AE5C9F /* Release */,
			);
			defaultConfigurationIsVisible = 0;
			defaultConfigurationName = Release;
		};
		3E6E23CC27B9128100AE5C9F /* Build configuration list for PBXNativeTarget "DBrowser" */ = {
			isa = XCConfigurationList;
			buildConfigurations = (
				3E6E23CD27B9128100AE5C9F /* Debug */,
				3E6E23CE27B9128100AE5C9F /* Release */,
			);
			defaultConfigurationIsVisible = 0;
			defaultConfigurationName = Release;
		};
		3E6E23CF27B9128100AE5C9F /* Build configuration list for PBXNativeTarget "DBrowserTests" */ = {
			isa = XCConfigurationList;
			buildConfigurations = (
				3E6E23D027B9128100AE5C9F /* Debug */,
				3E6E23D127B9128100AE5C9F /* Release */,
			);
			defaultConfigurationIsVisible = 0;
			defaultConfigurationName = Release;
		};
		3E6E23E727B9139300AE5C9F /* Build configuration list for PBXNativeTarget "DBrowserExamples" */ = {
			isa = XCConfigurationList;
			buildConfigurations = (
				3E6E23E827B9139300AE5C9F /* Debug */,
				3E6E23E927B9139300AE5C9F /* Release */,
			);
			defaultConfigurationIsVisible = 0;
			defaultConfigurationName = Release;
		};
/* End XCConfigurationList section */
	};
	rootObject = 3E6E23AF27B9128100AE5C9F /* Project object */;
}
